
Microsoft Visual Studio Solution File, Format Version 12.00
# Visual Studio 15
VisualStudioVersion = 15.0.28010.2048
MinimumVisualStudioVersion = 10.0.40219.1
Project("{FAE04EC0-301F-11D3-BF4B-00C04F79EFBC}") = "ELKStackConsole", "ELKStackConsole\ELKStackConsole.csproj", "{6E3B3884-DFF6-4B59-8302-1A6DD0FED720}"
EndProject
Global
	GlobalSection(SolutionConfigurationPlatforms) = preSolution
		Debug|Any CPU = Debug|Any CPU
		Release|Any CPU = Release|Any CPU
	EndGlobalSection
	GlobalSection(ProjectConfigurationPlatforms) = postSolution
		{6E3B3884-DFF6-4B59-8302-1A6DD0FED720}.Debug|Any CPU.ActiveCfg = Debug|Any CPU
		{6E3B3884-DFF6-4B59-8302-1A6DD0FED720}.Debug|Any CPU.Build.0 = Debug|Any CPU
		{6E3B3884-DFF6-4B59-8302-1A6DD0FED720}.Release|Any CPU.ActiveCfg = Release|Any CPU
		{6E3B3884-DFF6-4B59-8302-1A6DD0FED720}.Release|Any CPU.Build.0 = Release|Any CPU
	EndGlobalSection
	GlobalSection(SolutionProperties) = preSolution
		HideSolutionNode = FALSE
	EndGlobalSection
	GlobalSection(ExtensibilityGlobals) = postSolution
		SolutionGuid = {B86A345E-FC49-4B1B-A7D7-A1BD4149C35F}
	EndGlobalSection
EndGlobal
